
Microsoft Visual Studio Solution File, Format Version 12.00
# Visual Studio Version 17
VisualStudioVersion = 17.7.34221.43
MinimumVisualStudioVersion = 10.0.40219.1
Project("{FAE04EC0-301F-11D3-BF4B-00C04F79EFBC}") = "CalisanAylikUcretHesaplama", "CalisanAylikUcretHesaplama\CalisanAylikUcretHesaplama.csproj", "{4E5E0D85-E749-4A63-8C9C-D99997741B4D}"
EndProject
Global
	GlobalSection(SolutionConfigurationPlatforms) = preSolution
		Debug|Any CPU = Debug|Any CPU
		Release|Any CPU = Release|Any CPU
	EndGlobalSection
	GlobalSection(ProjectConfigurationPlatforms) = postSolution
		{4E5E0D85-E749-4A63-8C9C-D99997741B4D}.Debug|Any CPU.ActiveCfg = Debug|Any CPU
		{4E5E0D85-E749-4A63-8C9C-D99997741B4D}.Debug|Any CPU.Build.0 = Debug|Any CPU
		{4E5E0D85-E749-4A63-8C9C-D99997741B4D}.Release|Any CPU.ActiveCfg = Release|Any CPU
		{4E5E0D85-E749-4A63-8C9C-D99997741B4D}.Release|Any CPU.Build.0 = Release|Any CPU
	EndGlobalSection
	GlobalSection(SolutionProperties) = preSolution
		HideSolutionNode = FALSE
	EndGlobalSection
	GlobalSection(ExtensibilityGlobals) = postSolution
		SolutionGuid = {E3CB78DC-09BF-4B1C-A05A-A01A4721D437}
	EndGlobalSection
EndGlobal
